
Microsoft Visual Studio Solution File, Format Version 12.00
# Visual Studio Version 17
VisualStudioVersion = 17.5.33516.290
MinimumVisualStudioVersion = 10.0.40219.1
Project("{FAE04EC0-301F-11D3-BF4B-00C04F79EFBC}") = "Gerador-de-Folha-de-Pagamento-Web", "Gerador-de-Folha-de-Pagamento-Web\Gerador-de-Folha-de-Pagamento-Web.csproj", "{9196C57D-CA45-43E1-884B-D7267CFB46AB}"
EndProject
Global
	GlobalSection(SolutionConfigurationPlatforms) = preSolution
		Debug|Any CPU = Debug|Any CPU
		Release|Any CPU = Release|Any CPU
	EndGlobalSection
	GlobalSection(ProjectConfigurationPlatforms) = postSolution
		{9196C57D-CA45-43E1-884B-D7267CFB46AB}.Debug|Any CPU.ActiveCfg = Debug|Any CPU
		{9196C57D-CA45-43E1-884B-D7267CFB46AB}.Debug|Any CPU.Build.0 = Debug|Any CPU
		{9196C57D-CA45-43E1-884B-D7267CFB46AB}.Release|Any CPU.ActiveCfg = Release|Any CPU
		{9196C57D-CA45-43E1-884B-D7267CFB46AB}.Release|Any CPU.Build.0 = Release|Any CPU
	EndGlobalSection
	GlobalSection(SolutionProperties) = preSolution
		HideSolutionNode = FALSE
	EndGlobalSection
	GlobalSection(ExtensibilityGlobals) = postSolution
		SolutionGuid = {0C734DEA-87AE-4751-B4C0-5B5AE37ECB39}
	EndGlobalSection
EndGlobal
